
Microsoft Visual Studio Solution File, Format Version 12.00
# Visual Studio 15
VisualStudioVersion = 15.0.26124.0
MinimumVisualStudioVersion = 15.0.26124.0
Project("{9A19103F-16F7-4668-BE54-9A1E7A4F7556}") = "ProjectCeilidh.NativeTK", "ProjectCeilidh.NativeTK\ProjectCeilidh.NativeTK.csproj", "{895EA29E-4A28-4442-80C0-8E4C7A68E21A}"
EndProject
Project("{9A19103F-16F7-4668-BE54-9A1E7A4F7556}") = "ProjectCeilidh.NativeTK.Tests", "ProjectCeilidh.NativeTK.Tests\ProjectCeilidh.NativeTK.Tests.csproj", "{6613BE4A-CFAE-4E88-A1C4-D72C48E620D1}"
EndProject
Project("{9A19103F-16F7-4668-BE54-9A1E7A4F7556}") = "ProjectCeilidh.NativeTK.Benchmark", "ProjectCeilidh.NativeTK.Benchmark\ProjectCeilidh.NativeTK.Benchmark.csproj", "{C0F89064-2E15-4EB7-9311-8F3ED02DF5E8}"
EndProject
Project("{FAE04EC0-301F-11D3-BF4B-00C04F79EFBC}") = "ProjectCeilidh.NativeTK.Example", "ProjectCeilidh.NativeTK.Example\ProjectCeilidh.NativeTK.Example.csproj", "{9D29B4A4-6370-420A-B1E5-CC980A944619}"
EndProject
Global
	GlobalSection(SolutionConfigurationPlatforms) = preSolution
		Debug|Any CPU = Debug|Any CPU
		Debug|x64 = Debug|x64
		Debug|x86 = Debug|x86
		Release|Any CPU = Release|Any CPU
		Release|x64 = Release|x64
		Release|x86 = Release|x86
	EndGlobalSection
	GlobalSection(ProjectConfigurationPlatforms) = postSolution
		{895EA29E-4A28-4442-80C0-8E4C7A68E21A}.Debug|Any CPU.ActiveCfg = Debug|Any CPU
		{895EA29E-4A28-4442-80C0-8E4C7A68E21A}.Debug|Any CPU.Build.0 = Debug|Any CPU
		{895EA29E-4A28-4442-80C0-8E4C7A68E21A}.Debug|x64.ActiveCfg = Debug|Any CPU
		{895EA29E-4A28-4442-80C0-8E4C7A68E21A}.Debug|x64.Build.0 = Debug|Any CPU
		{895EA29E-4A28-4442-80C0-8E4C7A68E21A}.Debug|x86.ActiveCfg = Debug|Any CPU
		{895EA29E-4A28-4442-80C0-8E4C7A68E21A}.Debug|x86.Build.0 = Debug|Any CPU
		{895EA29E-4A28-4442-80C0-8E4C7A68E21A}.Release|Any CPU.ActiveCfg = Release|Any CPU
		{895EA29E-4A28-4442-80C0-8E4C7A68E21A}.Release|Any CPU.Build.0 = Release|Any CPU
		{895EA29E-4A28-4442-80C0-8E4C7A68E21A}.Release|x64.ActiveCfg = Release|Any CPU
		{895EA29E-4A28-4442-80C0-8E4C7A68E21A}.Release|x64.Build.0 = Release|Any CPU
		{895EA29E-4A28-4442-80C0-8E4C7A68E21A}.Release|x86.ActiveCfg = Release|Any CPU
		{895EA29E-4A28-4442-80C0-8E4C7A68E21A}.Release|x86.Build.0 = Release|Any CPU
		{6613BE4A-CFAE-4E88-A1C4-D72C48E620D1}.Debug|Any CPU.ActiveCfg = Debug|Any CPU
		{6613BE4A-CFAE-4E88-A1C4-D72C48E620D1}.Debug|Any CPU.Build.0 = Debug|Any CPU
		{6613BE4A-CFAE-4E88-A1C4-D72C48E620D1}.Debug|x64.ActiveCfg = Debug|Any CPU
		{6613BE4A-CFAE-4E88-A1C4-D72C48E620D1}.Debug|x64.Build.0 = Debug|Any CPU
		{6613BE4A-CFAE-4E88-A1C4-D72C48E620D1}.Debug|x86.ActiveCfg = Debug|Any CPU
		{6613BE4A-CFAE-4E88-A1C4-D72C48E620D1}.Debug|x86.Build.0 = Debug|Any CPU
		{6613BE4A-CFAE-4E88-A1C4-D72C48E620D1}.Release|Any CPU.ActiveCfg = Release|Any CPU
		{6613BE4A-CFAE-4E88-A1C4-D72C48E620D1}.Release|Any CPU.Build.0 = Release|Any CPU
		{6613BE4A-CFAE-4E88-A1C4-D72C48E620D1}.Release|x64.ActiveCfg = Release|Any CPU
		{6613BE4A-CFAE-4E88-A1C4-D72C48E620D1}.Release|x64.Build.0 = Release|Any CPU
		{6613BE4A-CFAE-4E88-A1C4-D72C48E620D1}.Release|x86.ActiveCfg = Release|Any CPU
		{6613BE4A-CFAE-4E88-A1C4-D72C48E620D1}.Release|x86.Build.0 = Release|Any CPU
		{C0F89064-2E15-4EB7-9311-8F3ED02DF5E8}.Debug|Any CPU.ActiveCfg = Debug|Any CPU
		{C0F89064-2E15-4EB7-9311-8F3ED02DF5E8}.Debug|Any CPU.Build.0 = Debug|Any CPU
		{C0F89064-2E15-4EB7-9311-8F3ED02DF5E8}.Debug|x64.ActiveCfg = Debug|Any CPU
		{C0F89064-2E15-4EB7-9311-8F3ED02DF5E8}.Debug|x64.Build.0 = Debug|Any CPU
		{C0F89064-2E15-4EB7-9311-8F3ED02DF5E8}.Debug|x86.ActiveCfg = Debug|Any CPU
		{C0F89064-2E15-4EB7-9311-8F3ED02DF5E8}.Debug|x86.Build.0 = Debug|Any CPU
		{C0F89064-2E15-4EB7-9311-8F3ED02DF5E8}.Release|Any CPU.ActiveCfg = Release|Any CPU
		{C0F89064-2E15-4EB7-9311-8F3ED02DF5E8}.Release|Any CPU.Build.0 = Release|Any CPU
		{C0F89064-2E15-4EB7-9311-8F3ED02DF5E8}.Release|x64.ActiveCfg = Release|Any CPU
		{C0F89064-2E15-4EB7-9311-8F3ED02DF5E8}.Release|x64.Build.0 = Release|Any CPU
		{C0F89064-2E15-4EB7-9311-8F3ED02DF5E8}.Release|x86.ActiveCfg = Release|Any CPU
		{C0F89064-2E15-4EB7-9311-8F3ED02DF5E8}.Release|x86.Build.0 = Release|Any CPU
		{9D29B4A4-6370-420A-B1E5-CC980A944619}.Debug|Any CPU.ActiveCfg = Debug|Any CPU
		{9D29B4A4-6370-420A-B1E5-CC980A944619}.Debug|Any CPU.Build.0 = Debug|Any CPU
		{9D29B4A4-6370-420A-B1E5-CC980A944619}.Debug|x64.ActiveCfg = Debug|Any CPU
		{9D29B4A4-6370-420A-B1E5-CC980A944619}.Debug|x64.Build.0 = Debug|Any CPU
		{9D29B4A4-6370-420A-B1E5-CC980A944619}.Debug|x86.ActiveCfg = Debug|Any CPU
		{9D29B4A4-6370-420A-B1E5-CC980A944619}.Debug|x86.Build.0 = Debug|Any CPU
		{9D29B4A4-6370-420A-B1E5-CC980A944619}.Release|Any CPU.ActiveCfg = Release|Any CPU
		{9D29B4A4-6370-420A-B1E5-CC980A944619}.Release|Any CPU.Build.0 = Release|Any CPU
		{9D29B4A4-6370-420A-B1E5-CC980A944619}.Release|x64.ActiveCfg = Release|Any CPU
		{9D29B4A4-6370-420A-B1E5-CC980A944619}.Release|x64.Build.0 = Release|Any CPU
		{9D29B4A4-6370-420A-B1E5-CC980A944619}.Release|x86.ActiveCfg = Release|Any CPU
		{9D29B4A4-6370-420A-B1E5-CC980A944619}.Release|x86.Build.0 = Release|Any CPU
	EndGlobalSection
	GlobalSection(SolutionProperties) = preSolution
		HideSolutionNode = FALSE
	EndGlobalSection
	GlobalSection(ExtensibilityGlobals) = postSolution
		SolutionGuid = {8A6972A7-4AF7-4068-9939-6C9B3176E38D}
	EndGlobalSection
EndGlobal
